
Microsoft Visual Studio Solution File, Format Version 12.00
# Visual Studio Version 17
VisualStudioVersion = 17.5.002.0
MinimumVisualStudioVersion = 10.0.40219.1
Project("{9A19103F-16F7-4668-BE54-9A1E7A4F7556}") = "FES.Core", "FES.Core\FES.Core.csproj", "{68DC7CA0-6A65-4700-AEF5-1E8CBE907FF9}"
EndProject
Project("{9A19103F-16F7-4668-BE54-9A1E7A4F7556}") = "FES.Core.Benchmarks", "FES.Core.Benchmarks\FES.Core.Benchmarks.csproj", "{A58AB9BE-827F-432B-9619-D190BE20C5E2}"
EndProject
Project("{9A19103F-16F7-4668-BE54-9A1E7A4F7556}") = "FES.Core.Tests", "FES.Core.Tests\FES.Core.Tests.csproj", "{40CDD713-47A6-4929-8D17-1265DD613A64}"
EndProject
Project("{9A19103F-16F7-4668-BE54-9A1E7A4F7556}") = "FES.Physics", "FES.Physics\FES.Physics.csproj", "{40BECF17-08A1-410B-A9B2-D7214DE0AE48}"
EndProject
Project("{2150E333-8FDC-42A3-9474-1A3956D46DE8}") = "FES.Core.Benchmarks (1)", "FES.Core.Benchmarks", "{608BABAF-FF4E-4CBA-AEE7-61794A56BBAA}"
EndProject
Project("{2150E333-8FDC-42A3-9474-1A3956D46DE8}") = "bin", "bin", "{E56AE20F-1B7A-47A1-8F2E-45242DD51757}"
EndProject
Project("{2150E333-8FDC-42A3-9474-1A3956D46DE8}") = "Release", "Release", "{CA69D21A-8868-49A6-8402-2819EE3F3671}"
EndProject
Project("{2150E333-8FDC-42A3-9474-1A3956D46DE8}") = "net8.0", "net8.0", "{49FB8464-3023-4843-981D-EF72D1D73A18}"
EndProject
Project("{9A19103F-16F7-4668-BE54-9A1E7A4F7556}") = "BenchmarkDotNet.Autogenerated", "FES.Core.Benchmarks\bin\Release\net8.0\0483d7eb-f8aa-4be2-8a6f-716f89d651d0\BenchmarkDotNet.Autogenerated.csproj", "{FAB4843D-A0BD-4AFF-BAA6-B54872C8A62A}"
EndProject
Project("{9A19103F-16F7-4668-BE54-9A1E7A4F7556}") = "BenchmarkDotNet.Autogenerated (1)", "FES.Core.Benchmarks\bin\Release\net8.0\1a5259e7-2dc5-4fcd-bb59-5a98bd42f395\BenchmarkDotNet.Autogenerated.csproj", "{965E5FA7-5F4E-46EE-A8DA-11BC7AC0839E}"
EndProject
Project("{9A19103F-16F7-4668-BE54-9A1E7A4F7556}") = "BenchmarkDotNet.Autogenerated (2)", "FES.Core.Benchmarks\bin\Release\net8.0\386eb4e6-abef-4e6a-a21c-ff51180045d0\BenchmarkDotNet.Autogenerated.csproj", "{91435EDA-AC24-4150-BCB5-217D63524BCF}"
EndProject
Project("{9A19103F-16F7-4668-BE54-9A1E7A4F7556}") = "BenchmarkDotNet.Autogenerated (3)", "FES.Core.Benchmarks\bin\Release\net8.0\420aee0c-bb99-4acd-b646-dd7de0e306d3\BenchmarkDotNet.Autogenerated.csproj", "{FE413563-7B87-484F-8392-B6C2A6DCE475}"
EndProject
Project("{9A19103F-16F7-4668-BE54-9A1E7A4F7556}") = "BenchmarkDotNet.Autogenerated (4)", "FES.Core.Benchmarks\bin\Release\net8.0\49fd89a2-9255-4cbd-bf43-093859796f1c\BenchmarkDotNet.Autogenerated.csproj", "{39628307-22A5-4085-80BD-22F3861113C1}"
EndProject
Project("{9A19103F-16F7-4668-BE54-9A1E7A4F7556}") = "BenchmarkDotNet.Autogenerated (5)", "FES.Core.Benchmarks\bin\Release\net8.0\67859123-b6e8-4407-9673-8ca9d0e38529\BenchmarkDotNet.Autogenerated.csproj", "{72C599B3-C7CD-4593-B20A-3EB87B986611}"
EndProject
Project("{9A19103F-16F7-4668-BE54-9A1E7A4F7556}") = "BenchmarkDotNet.Autogenerated (6)", "FES.Core.Benchmarks\bin\Release\net8.0\8d3fbebd-d6cd-4cf4-b133-6768e2418bef\BenchmarkDotNet.Autogenerated.csproj", "{72AB3D89-D227-4954-8649-A5C8DCC82688}"
EndProject
Project("{9A19103F-16F7-4668-BE54-9A1E7A4F7556}") = "BenchmarkDotNet.Autogenerated (7)", "FES.Core.Benchmarks\bin\Release\net8.0\a174461c-dd19-47b4-b796-87475b358174\BenchmarkDotNet.Autogenerated.csproj", "{998BA592-DE16-4BD9-AF08-5C9C60EE81F1}"
EndProject
Project("{9A19103F-16F7-4668-BE54-9A1E7A4F7556}") = "BenchmarkDotNet.Autogenerated (8)", "FES.Core.Benchmarks\bin\Release\net8.0\dbdd2290-57e0-46ea-ba43-870220717780\BenchmarkDotNet.Autogenerated.csproj", "{12E42B1A-4FCB-42C3-9259-5836A690A4A3}"
EndProject
Project("{9A19103F-16F7-4668-BE54-9A1E7A4F7556}") = "BenchmarkDotNet.Autogenerated (9)", "FES.Core.Benchmarks\bin\Release\net8.0\ff33ec87-1118-4ad8-90e2-ebe5e0e03f9d\BenchmarkDotNet.Autogenerated.csproj", "{B720F92A-F1C2-4F58-B984-F167B2F0F970}"
EndProject
Global
	GlobalSection(SolutionConfigurationPlatforms) = preSolution
		Debug|Any CPU = Debug|Any CPU
		Release|Any CPU = Release|Any CPU
	EndGlobalSection
	GlobalSection(ProjectConfigurationPlatforms) = postSolution
		{68DC7CA0-6A65-4700-AEF5-1E8CBE907FF9}.Debug|Any CPU.ActiveCfg = Debug|Any CPU
		{68DC7CA0-6A65-4700-AEF5-1E8CBE907FF9}.Debug|Any CPU.Build.0 = Debug|Any CPU
		{68DC7CA0-6A65-4700-AEF5-1E8CBE907FF9}.Release|Any CPU.ActiveCfg = Release|Any CPU
		{68DC7CA0-6A65-4700-AEF5-1E8CBE907FF9}.Release|Any CPU.Build.0 = Release|Any CPU
		{A58AB9BE-827F-432B-9619-D190BE20C5E2}.Debug|Any CPU.ActiveCfg = Debug|Any CPU
		{A58AB9BE-827F-432B-9619-D190BE20C5E2}.Debug|Any CPU.Build.0 = Debug|Any CPU
		{A58AB9BE-827F-432B-9619-D190BE20C5E2}.Release|Any CPU.ActiveCfg = Release|Any CPU
		{A58AB9BE-827F-432B-9619-D190BE20C5E2}.Release|Any CPU.Build.0 = Release|Any CPU
		{40CDD713-47A6-4929-8D17-1265DD613A64}.Debug|Any CPU.ActiveCfg = Debug|Any CPU
		{40CDD713-47A6-4929-8D17-1265DD613A64}.Debug|Any CPU.Build.0 = Debug|Any CPU
		{40CDD713-47A6-4929-8D17-1265DD613A64}.Release|Any CPU.ActiveCfg = Release|Any CPU
		{40CDD713-47A6-4929-8D17-1265DD613A64}.Release|Any CPU.Build.0 = Release|Any CPU
		{40BECF17-08A1-410B-A9B2-D7214DE0AE48}.Debug|Any CPU.ActiveCfg = Debug|Any CPU
		{40BECF17-08A1-410B-A9B2-D7214DE0AE48}.Debug|Any CPU.Build.0 = Debug|Any CPU
		{40BECF17-08A1-410B-A9B2-D7214DE0AE48}.Release|Any CPU.ActiveCfg = Release|Any CPU
		{40BECF17-08A1-410B-A9B2-D7214DE0AE48}.Release|Any CPU.Build.0 = Release|Any CPU
		{FAB4843D-A0BD-4AFF-BAA6-B54872C8A62A}.Debug|Any CPU.ActiveCfg = Debug|Any CPU
		{FAB4843D-A0BD-4AFF-BAA6-B54872C8A62A}.Debug|Any CPU.Build.0 = Debug|Any CPU
		{FAB4843D-A0BD-4AFF-BAA6-B54872C8A62A}.Release|Any CPU.ActiveCfg = Release|Any CPU
		{FAB4843D-A0BD-4AFF-BAA6-B54872C8A62A}.Release|Any CPU.Build.0 = Release|Any CPU
		{965E5FA7-5F4E-46EE-A8DA-11BC7AC0839E}.Debug|Any CPU.ActiveCfg = Debug|Any CPU
		{965E5FA7-5F4E-46EE-A8DA-11BC7AC0839E}.Debug|Any CPU.Build.0 = Debug|Any CPU
		{965E5FA7-5F4E-46EE-A8DA-11BC7AC0839E}.Release|Any CPU.ActiveCfg = Release|Any CPU
		{965E5FA7-5F4E-46EE-A8DA-11BC7AC0839E}.Release|Any CPU.Build.0 = Release|Any CPU
		{91435EDA-AC24-4150-BCB5-217D63524BCF}.Debug|Any CPU.ActiveCfg = Debug|Any CPU
		{91435EDA-AC24-4150-BCB5-217D63524BCF}.Debug|Any CPU.Build.0 = Debug|Any CPU
		{91435EDA-AC24-4150-BCB5-217D63524BCF}.Release|Any CPU.ActiveCfg = Release|Any CPU
		{91435EDA-AC24-4150-BCB5-217D63524BCF}.Release|Any CPU.Build.0 = Release|Any CPU
		{FE413563-7B87-484F-8392-B6C2A6DCE475}.Debug|Any CPU.ActiveCfg = Debug|Any CPU
		{FE413563-7B87-484F-8392-B6C2A6DCE475}.Debug|Any CPU.Build.0 = Debug|Any CPU
		{FE413563-7B87-484F-8392-B6C2A6DCE475}.Release|Any CPU.ActiveCfg = Release|Any CPU
		{FE413563-7B87-484F-8392-B6C2A6DCE475}.Release|Any CPU.Build.0 = Release|Any CPU
		{39628307-22A5-4085-80BD-22F3861113C1}.Debug|Any CPU.ActiveCfg = Debug|Any CPU
		{39628307-22A5-4085-80BD-22F3861113C1}.Debug|Any CPU.Build.0 = Debug|Any CPU
		{39628307-22A5-4085-80BD-22F3861113C1}.Release|Any CPU.ActiveCfg = Release|Any CPU
		{39628307-22A5-4085-80BD-22F3861113C1}.Release|Any CPU.Build.0 = Release|Any CPU
		{72C599B3-C7CD-4593-B20A-3EB87B986611}.Debug|Any CPU.ActiveCfg = Debug|Any CPU
		{72C599B3-C7CD-4593-B20A-3EB87B986611}.Debug|Any CPU.Build.0 = Debug|Any CPU
		{72C599B3-C7CD-4593-B20A-3EB87B986611}.Release|Any CPU.ActiveCfg = Release|Any CPU
		{72C599B3-C7CD-4593-B20A-3EB87B986611}.Release|Any CPU.Build.0 = Release|Any CPU
		{72AB3D89-D227-4954-8649-A5C8DCC82688}.Debug|Any CPU.ActiveCfg = Debug|Any CPU
		{72AB3D89-D227-4954-8649-A5C8DCC82688}.Debug|Any CPU.Build.0 = Debug|Any CPU
		{72AB3D89-D227-4954-8649-A5C8DCC82688}.Release|Any CPU.ActiveCfg = Release|Any CPU
		{72AB3D89-D227-4954-8649-A5C8DCC82688}.Release|Any CPU.Build.0 = Release|Any CPU
		{998BA592-DE16-4BD9-AF08-5C9C60EE81F1}.Debug|Any CPU.ActiveCfg = Debug|Any CPU
		{998BA592-DE16-4BD9-AF08-5C9C60EE81F1}.Debug|Any CPU.Build.0 = Debug|Any CPU
		{998BA592-DE16-4BD9-AF08-5C9C60EE81F1}.Release|Any CPU.ActiveCfg = Release|Any CPU
		{998BA592-DE16-4BD9-AF08-5C9C60EE81F1}.Release|Any CPU.Build.0 = Release|Any CPU
		{12E42B1A-4FCB-42C3-9259-5836A690A4A3}.Debug|Any CPU.ActiveCfg = Debug|Any CPU
		{12E42B1A-4FCB-42C3-9259-5836A690A4A3}.Debug|Any CPU.Build.0 = Debug|Any CPU
		{12E42B1A-4FCB-42C3-9259-5836A690A4A3}.Release|Any CPU.ActiveCfg = Release|Any CPU
		{12E42B1A-4FCB-42C3-9259-5836A690A4A3}.Release|Any CPU.Build.0 = Release|Any CPU
		{B720F92A-F1C2-4F58-B984-F167B2F0F970}.Debug|Any CPU.ActiveCfg = Debug|Any CPU
		{B720F92A-F1C2-4F58-B984-F167B2F0F970}.Debug|Any CPU.Build.0 = Debug|Any CPU
		{B720F92A-F1C2-4F58-B984-F167B2F0F970}.Release|Any CPU.ActiveCfg = Release|Any CPU
		{B720F92A-F1C2-4F58-B984-F167B2F0F970}.Release|Any CPU.Build.0 = Release|Any CPU
	EndGlobalSection
	GlobalSection(SolutionProperties) = preSolution
		HideSolutionNode = FALSE
	EndGlobalSection
	GlobalSection(NestedProjects) = preSolution
		{E56AE20F-1B7A-47A1-8F2E-45242DD51757} = {608BABAF-FF4E-4CBA-AEE7-61794A56BBAA}
		{CA69D21A-8868-49A6-8402-2819EE3F3671} = {E56AE20F-1B7A-47A1-8F2E-45242DD51757}
		{49FB8464-3023-4843-981D-EF72D1D73A18} = {CA69D21A-8868-49A6-8402-2819EE3F3671}
		{FAB4843D-A0BD-4AFF-BAA6-B54872C8A62A} = {49FB8464-3023-4843-981D-EF72D1D73A18}
		{965E5FA7-5F4E-46EE-A8DA-11BC7AC0839E} = {49FB8464-3023-4843-981D-EF72D1D73A18}
		{91435EDA-AC24-4150-BCB5-217D63524BCF} = {49FB8464-3023-4843-981D-EF72D1D73A18}
		{FE413563-7B87-484F-8392-B6C2A6DCE475} = {49FB8464-3023-4843-981D-EF72D1D73A18}
		{39628307-22A5-4085-80BD-22F3861113C1} = {49FB8464-3023-4843-981D-EF72D1D73A18}
		{72C599B3-C7CD-4593-B20A-3EB87B986611} = {49FB8464-3023-4843-981D-EF72D1D73A18}
		{72AB3D89-D227-4954-8649-A5C8DCC82688} = {49FB8464-3023-4843-981D-EF72D1D73A18}
		{998BA592-DE16-4BD9-AF08-5C9C60EE81F1} = {49FB8464-3023-4843-981D-EF72D1D73A18}
		{12E42B1A-4FCB-42C3-9259-5836A690A4A3} = {49FB8464-3023-4843-981D-EF72D1D73A18}
		{B720F92A-F1C2-4F58-B984-F167B2F0F970} = {49FB8464-3023-4843-981D-EF72D1D73A18}
	EndGlobalSection
	GlobalSection(ExtensibilityGlobals) = postSolution
		SolutionGuid = {63D1B28F-13A9-47C8-AC9E-B66CBDEB63FB}
	EndGlobalSection
EndGlobal
