Microsoft Visual Studio Solution File, Format Version 12.00
# Visual Studio Version 17
VisualStudioVersion = 17.5.002.0
MinimumVisualStudioVersion = 10.0.40219.1
Project("{9A19103F-16F7-4668-BE54-9A1E7A4F7556}") = "FlipLib.Core", "FlipLib.Core\FlipLib.Core.csproj", "{68DC7CA0-6A65-4700-AEF5-1E8CBE907FF9}"
EndProject
Project("{9A19103F-16F7-4668-BE54-9A1E7A4F7556}") = "FlipLib.Physics", "FlipLib.Physics\FlipLib.Physics.csproj", "{40BECF17-08A1-410B-A9B2-D7214DE0AE48}"
EndProject
Project("{9A19103F-16F7-4668-BE54-9A1E7A4F7556}") = "FlipLib.Physics.Tests", "FlipLib.Physics.Tests\FlipLib.Physics.Tests.csproj", "{8E772F41-8AD6-4EA1-941F-53C61B551B1F}"
EndProject
Project("{9A19103F-16F7-4668-BE54-9A1E7A4F7556}") = "FlipLib.AI", "FlipLib.AI\FlipLib.AI.csproj", "{A44BBB23-4DF3-4A36-A3BF-2EA62EFF446B}"
EndProject
Project("{9A19103F-16F7-4668-BE54-9A1E7A4F7556}") = "FlipLib.AI.Tests", "FlipLib.AI.Tests\FlipLib.AI.Tests.csproj", "{3FAA534B-3210-422F-93AC-11A7C076454F}"
EndProject
Project("{9A19103F-16F7-4668-BE54-9A1E7A4F7556}") = "FlipLib.Memory", "FlipLib.Memory\FlipLib.Memory.csproj", "{0A954C4E-AA3F-4474-B167-F4AF96E5E3D9}"
EndProject
Global
	GlobalSection(SolutionConfigurationPlatforms) = preSolution
		Debug|Any CPU = Debug|Any CPU
		Release|Any CPU = Release|Any CPU
	EndGlobalSection
	GlobalSection(ProjectConfigurationPlatforms) = postSolution
		{68DC7CA0-6A65-4700-AEF5-1E8CBE907FF9}.Debug|Any CPU.ActiveCfg = Debug|Any CPU
		{68DC7CA0-6A65-4700-AEF5-1E8CBE907FF9}.Debug|Any CPU.Build.0 = Debug|Any CPU
		{68DC7CA0-6A65-4700-AEF5-1E8CBE907FF9}.Release|Any CPU.ActiveCfg = Release|Any CPU
		{68DC7CA0-6A65-4700-AEF5-1E8CBE907FF9}.Release|Any CPU.Build.0 = Release|Any CPU
		{40BECF17-08A1-410B-A9B2-D7214DE0AE48}.Debug|Any CPU.ActiveCfg = Debug|Any CPU
		{40BECF17-08A1-410B-A9B2-D7214DE0AE48}.Debug|Any CPU.Build.0 = Debug|Any CPU
		{40BECF17-08A1-410B-A9B2-D7214DE0AE48}.Release|Any CPU.ActiveCfg = Release|Any CPU
		{40BECF17-08A1-410B-A9B2-D7214DE0AE48}.Release|Any CPU.Build.0 = Release|Any CPU
		{8E772F41-8AD6-4EA1-941F-53C61B551B1F}.Debug|Any CPU.ActiveCfg = Debug|Any CPU
		{8E772F41-8AD6-4EA1-941F-53C61B551B1F}.Debug|Any CPU.Build.0 = Debug|Any CPU
		{8E772F41-8AD6-4EA1-941F-53C61B551B1F}.Release|Any CPU.ActiveCfg = Release|Any CPU
		{8E772F41-8AD6-4EA1-941F-53C61B551B1F}.Release|Any CPU.Build.0 = Release|Any CPU
		{A44BBB23-4DF3-4A36-A3BF-2EA62EFF446B}.Debug|Any CPU.ActiveCfg = Debug|Any CPU
		{A44BBB23-4DF3-4A36-A3BF-2EA62EFF446B}.Debug|Any CPU.Build.0 = Debug|Any CPU
		{A44BBB23-4DF3-4A36-A3BF-2EA62EFF446B}.Release|Any CPU.ActiveCfg = Release|Any CPU
		{A44BBB23-4DF3-4A36-A3BF-2EA62EFF446B}.Release|Any CPU.Build.0 = Release|Any CPU
		{3FAA534B-3210-422F-93AC-11A7C076454F}.Debug|Any CPU.ActiveCfg = Debug|Any CPU
		{3FAA534B-3210-422F-93AC-11A7C076454F}.Debug|Any CPU.Build.0 = Debug|Any CPU
		{3FAA534B-3210-422F-93AC-11A7C076454F}.Release|Any CPU.ActiveCfg = Release|Any CPU
		{3FAA534B-3210-422F-93AC-11A7C076454F}.Release|Any CPU.Build.0 = Release|Any CPU
		{0A954C4E-AA3F-4474-B167-F4AF96E5E3D9}.Debug|Any CPU.ActiveCfg = Debug|Any CPU
		{0A954C4E-AA3F-4474-B167-F4AF96E5E3D9}.Debug|Any CPU.Build.0 = Debug|Any CPU
		{0A954C4E-AA3F-4474-B167-F4AF96E5E3D9}.Release|Any CPU.ActiveCfg = Release|Any CPU
		{0A954C4E-AA3F-4474-B167-F4AF96E5E3D9}.Release|Any CPU.Build.0 = Release|Any CPU
	EndGlobalSection
	GlobalSection(SolutionProperties) = preSolution
		HideSolutionNode = FALSE
	EndGlobalSection
	GlobalSection(ExtensibilityGlobals) = postSolution
		SolutionGuid = {63D1B28F-13A9-47C8-AC9E-B66CBDEB63FB}
	EndGlobalSection
EndGlobal
